<?xml version="1.0" encoding="utf-8"?>
<Project ToolsVersion="4.0" xmlns="http://schemas.microsoft.com/developer/msbuild/2003">
  <ItemGroup>
    <Filter Include="Math">
      <UniqueIdentifier>{a59b4b18-3f11-4a89-b228-940b75c3fe5f}</UniqueIdentifier>
    </Filter>
    <Filter Include="Primitives">
      <UniqueIdentifier>{fa687559-e4ee-4ccd-8287-22455af16c7a}</UniqueIdentifier>
    </Filter>
    <Filter Include="GeneralMacros">
      <UniqueIdentifier>{ab552f83-3cf2-41b3-97ce-5907171212de}</UniqueIdentifier>
    </Filter>
    <Filter Include="MainFunctions">
      <UniqueIdentifier>{8dfc0326-c9b6-4d9a-8885-345b84df1fe3}</UniqueIdentifier>
    </Filter>
    <Filter Include="Includes">
      <UniqueIdentifier>{f92804c5-e425-44af-b355-e63227061823}</UniqueIdentifier>
    </Filter>
    <Filter Include="LazyLogger">
      <UniqueIdentifier>{e3b3f51e-5df3-495e-91c1-bd3b78699f81}</UniqueIdentifier>
    </Filter>
    <Filter Include="Singleton">
      <UniqueIdentifier>{a2b43bf4-1e12-42e6-9d1c-d13d99c968ea}</UniqueIdentifier>
    </Filter>
    <Filter Include="Memory">
      <UniqueIdentifier>{d21f11b6-35aa-4568-9838-7517e75bd206}</UniqueIdentifier>
    </Filter>
    <Filter Include="LazyFiling">
      <UniqueIdentifier>{38c78e75-39b0-4e45-ba83-d366aa71401b}</UniqueIdentifier>
    </Filter>
    <Filter Include="String">
      <UniqueIdentifier>{e2d95da0-a4e5-4478-9296-2dff15ced70e}</UniqueIdentifier>
    </Filter>
  </ItemGroup>
  <ItemGroup>
    <ClInclude Include="Math\LEVector.h">
      <Filter>Math</Filter>
    </ClInclude>
    <ClInclude Include="Primitives\Primitives.h">
      <Filter>Primitives</Filter>
    </ClInclude>
    <ClInclude Include="GeneralMacros\GeneralMacros.h">
      <Filter>GeneralMacros</Filter>
    </ClInclude>
    <ClInclude Include="MainFunctions\Main.h">
      <Filter>MainFunctions</Filter>
    </ClInclude>
    <ClInclude Include="Includes\LazyIncludes.h">
      <Filter>Includes</Filter>
    </ClInclude>
    <ClInclude Include="Singleton\SingletonClasses.h">
      <Filter>Singleton</Filter>
    </ClInclude>
    <ClInclude Include="LazyLogger\Logger.h">
      <Filter>LazyLogger</Filter>
    </ClInclude>
    <ClInclude Include="Math\MathHelpers.h">
      <Filter>Math</Filter>
    </ClInclude>
    <ClInclude Include="Math\Matrix3X3.h">
      <Filter>Math</Filter>
    </ClInclude>
    <ClInclude Include="Memory\MemoryPool.h">
      <Filter>Memory</Filter>
    </ClInclude>
    <ClInclude Include="Memory\StackAllocator.h">
      <Filter>Memory</Filter>
    </ClInclude>
    <ClInclude Include="LazyLogger\LogManager.h">
      <Filter>LazyLogger</Filter>
    </ClInclude>
    <ClInclude Include="Memory\MemoryManager.h">
      <Filter>Memory</Filter>
    </ClInclude>
    <ClInclude Include="Memory\AllignedAllocator.h">
      <Filter>Memory</Filter>
    </ClInclude>
    <ClInclude Include="Math\Quaternion.h">
      <Filter>Math</Filter>
    </ClInclude>
    <ClInclude Include="Math\Matrix4X4.h">
      <Filter>Math</Filter>
    </ClInclude>
    <ClInclude Include="LazyFiling\FileHandler.h">
      <Filter>LazyFiling</Filter>
    </ClInclude>
    <ClInclude Include="MainFunctions\Win32Main.h">
      <Filter>MainFunctions</Filter>
    </ClInclude>
  </ItemGroup>
  <ItemGroup>
    <ClCompile Include="MainFunctions\Main.cpp">
      <Filter>MainFunctions</Filter>
    </ClCompile>
    <ClCompile Include="LazyLogger\Logger.cpp">
      <Filter>LazyLogger</Filter>
    </ClCompile>
    <ClCompile Include="Memory\StackAllocator.cpp">
      <Filter>Memory</Filter>
    </ClCompile>
    <ClCompile Include="Memory\MemoryManager.cpp">
      <Filter>Memory</Filter>
    </ClCompile>
    <ClCompile Include="LazyLogger\LogManager.cpp">
      <Filter>LazyLogger</Filter>
    </ClCompile>
    <ClCompile Include="Memory\AllignedAllocator.cpp">
      <Filter>Memory</Filter>
    </ClCompile>
    <ClCompile Include="LazyFiling\FileHandler.cpp">
      <Filter>LazyFiling</Filter>
    </ClCompile>
    <ClCompile Include="MainFunctions\Win32Main.cpp">
      <Filter>MainFunctions</Filter>
    </ClCompile>
  </ItemGroup>
</Project>