<?xml version="1.0" encoding="utf-8"?>
<Project ToolsVersion="4.0" xmlns="http://schemas.microsoft.com/developer/msbuild/2003">
  <ItemGroup>
    <Filter Include="Math">
      <UniqueIdentifier>{a59b4b18-3f11-4a89-b228-940b75c3fe5f}</UniqueIdentifier>
    </Filter>
    <Filter Include="Primitives">
      <UniqueIdentifier>{fa687559-e4ee-4ccd-8287-22455af16c7a}</UniqueIdentifier>
    </Filter>
    <Filter Include="GeneralMacros">
      <UniqueIdentifier>{ab552f83-3cf2-41b3-97ce-5907171212de}</UniqueIdentifier>
    </Filter>
    <Filter Include="MainFunctions">
      <UniqueIdentifier>{8dfc0326-c9b6-4d9a-8885-345b84df1fe3}</UniqueIdentifier>
    </Filter>
    <Filter Include="Includes">
      <UniqueIdentifier>{f92804c5-e425-44af-b355-e63227061823}</UniqueIdentifier>
    </Filter>
    <Filter Include="LazyLogger">
      <UniqueIdentifier>{e3b3f51e-5df3-495e-91c1-bd3b78699f81}</UniqueIdentifier>
    </Filter>
    <Filter Include="Singleton">
      <UniqueIdentifier>{a2b43bf4-1e12-42e6-9d1c-d13d99c968ea}</UniqueIdentifier>
    </Filter>
    <Filter Include="Memory">
      <UniqueIdentifier>{d21f11b6-35aa-4568-9838-7517e75bd206}</UniqueIdentifier>
    </Filter>
    <Filter Include="LazyFiling">
      <UniqueIdentifier>{38c78e75-39b0-4e45-ba83-d366aa71401b}</UniqueIdentifier>
    </Filter>
    <Filter Include="String">
      <UniqueIdentifier>{e2d95da0-a4e5-4478-9296-2dff15ced70e}</UniqueIdentifier>
    </Filter>
    <Filter Include="Physics">
      <UniqueIdentifier>{71c71a36-0272-443b-bc5a-a4ee86073278}</UniqueIdentifier>
    </Filter>
    <Filter Include="Physics\PrimitiveShapes">
      <UniqueIdentifier>{f64d8ec5-eb8f-4aae-8d1f-49c608dac439}</UniqueIdentifier>
    </Filter>
    <Filter Include="Physics\Colliders">
      <UniqueIdentifier>{714eebb5-30fe-49a2-8307-c93797cc846f}</UniqueIdentifier>
    </Filter>
    <Filter Include="Physics\Algorithms">
      <UniqueIdentifier>{49c70b0c-70a8-4125-a2aa-3a87da0abea5}</UniqueIdentifier>
    </Filter>
    <Filter Include="Game">
      <UniqueIdentifier>{14802382-d86e-4e40-a503-bb3c4da6c671}</UniqueIdentifier>
    </Filter>
    <Filter Include="DX11">
      <UniqueIdentifier>{90111ff0-2e49-4705-8d07-5ddabb2c151f}</UniqueIdentifier>
    </Filter>
    <Filter Include="MeshDataCPU">
      <UniqueIdentifier>{04c455aa-de70-4a18-b96b-528f943f0027}</UniqueIdentifier>
    </Filter>
    <Filter Include="MeshDataCPU\VertexBufferCPU">
      <UniqueIdentifier>{bf372676-487f-47f5-bc00-2c70bdb13921}</UniqueIdentifier>
    </Filter>
    <Filter Include="DX11\CameraUtils">
      <UniqueIdentifier>{b0842e17-8ce9-41c5-8a06-d199b69f3364}</UniqueIdentifier>
    </Filter>
    <Filter Include="MeshDataCPU\NormalBufferCPU">
      <UniqueIdentifier>{5e5622d6-3eb2-4d07-9f62-27a511a9e116}</UniqueIdentifier>
    </Filter>
    <Filter Include="MeshDataCPU\TextureCoordBufferCPU">
      <UniqueIdentifier>{84aeefe8-94eb-44a5-b25b-0fd0a67cb45a}</UniqueIdentifier>
    </Filter>
    <Filter Include="MeshDataCPU\MaterialBufferCPU">
      <UniqueIdentifier>{a6afa3c0-5c5e-4bf1-ba0a-6bb5902be5ac}</UniqueIdentifier>
    </Filter>
    <Filter Include="MeshDataCPU\TextureCPU">
      <UniqueIdentifier>{e64558a2-a15e-46de-9ab9-3004b4c2c005}</UniqueIdentifier>
    </Filter>
    <Filter Include="MeshDataCPU\IndexBufferCPU">
      <UniqueIdentifier>{59c6095e-f277-42e8-b599-19c31cc5078c}</UniqueIdentifier>
    </Filter>
    <Filter Include="Utils">
      <UniqueIdentifier>{23fba934-daa7-43f1-952d-758653cb2f8a}</UniqueIdentifier>
    </Filter>
    <Filter Include="DX11\Effects">
      <UniqueIdentifier>{ee3bd52c-f7dd-4c52-a048-f500bc9ee6c7}</UniqueIdentifier>
    </Filter>
  </ItemGroup>
  <ItemGroup>
    <ClInclude Include="Math\LEVector.h">
      <Filter>Math</Filter>
    </ClInclude>
    <ClInclude Include="Primitives\Primitives.h">
      <Filter>Primitives</Filter>
    </ClInclude>
    <ClInclude Include="GeneralMacros\GeneralMacros.h">
      <Filter>GeneralMacros</Filter>
    </ClInclude>
    <ClInclude Include="MainFunctions\Main.h">
      <Filter>MainFunctions</Filter>
    </ClInclude>
    <ClInclude Include="Includes\LazyIncludes.h">
      <Filter>Includes</Filter>
    </ClInclude>
    <ClInclude Include="Singleton\SingletonClasses.h">
      <Filter>Singleton</Filter>
    </ClInclude>
    <ClInclude Include="LazyLogger\Logger.h">
      <Filter>LazyLogger</Filter>
    </ClInclude>
    <ClInclude Include="Math\MathHelpers.h">
      <Filter>Math</Filter>
    </ClInclude>
    <ClInclude Include="Math\Matrix3X3.h">
      <Filter>Math</Filter>
    </ClInclude>
    <ClInclude Include="Memory\MemoryPool.h">
      <Filter>Memory</Filter>
    </ClInclude>
    <ClInclude Include="Memory\StackAllocator.h">
      <Filter>Memory</Filter>
    </ClInclude>
    <ClInclude Include="LazyLogger\LogManager.h">
      <Filter>LazyLogger</Filter>
    </ClInclude>
    <ClInclude Include="Memory\MemoryManager.h">
      <Filter>Memory</Filter>
    </ClInclude>
    <ClInclude Include="Memory\AllignedAllocator.h">
      <Filter>Memory</Filter>
    </ClInclude>
    <ClInclude Include="Math\Quaternion.h">
      <Filter>Math</Filter>
    </ClInclude>
    <ClInclude Include="Math\Matrix4X4.h">
      <Filter>Math</Filter>
    </ClInclude>
    <ClInclude Include="LazyFiling\FileHandler.h">
      <Filter>LazyFiling</Filter>
    </ClInclude>
    <ClInclude Include="MainFunctions\Win32Main.h">
      <Filter>MainFunctions</Filter>
    </ClInclude>
    <ClInclude Include="Physics\PhysicsManager.h">
      <Filter>Physics</Filter>
    </ClInclude>
    <ClInclude Include="Physics\Physics.h">
      <Filter>Physics</Filter>
    </ClInclude>
    <ClInclude Include="Physics\PrimitiveShapes\Ray.h">
      <Filter>Physics\PrimitiveShapes</Filter>
    </ClInclude>
    <ClInclude Include="Physics\PrimitiveShapes\Plane.h">
      <Filter>Physics\PrimitiveShapes</Filter>
    </ClInclude>
    <ClInclude Include="Physics\PrimitiveShapes\Point.h">
      <Filter>Physics\PrimitiveShapes</Filter>
    </ClInclude>
    <ClInclude Include="Physics\Colliders\Cube.h">
      <Filter>Physics\Colliders</Filter>
    </ClInclude>
    <ClInclude Include="Physics\Colliders\Frustrum.h">
      <Filter>Physics\Colliders</Filter>
    </ClInclude>
    <ClInclude Include="Physics\Colliders\ColliderMeta.h">
      <Filter>Physics\Colliders</Filter>
    </ClInclude>
    <ClInclude Include="Physics\Colliders\Sphere.h">
      <Filter>Physics\Colliders</Filter>
    </ClInclude>
    <ClInclude Include="Physics\Colliders\CollisionVolume.h">
      <Filter>Physics\Colliders</Filter>
    </ClInclude>
    <ClInclude Include="Physics\Algorithms\GJK.h">
      <Filter>Physics\Algorithms</Filter>
    </ClInclude>
    <ClInclude Include="Game\GameObject.h">
      <Filter>Game</Filter>
    </ClInclude>
    <ClInclude Include="Physics\Colliders\ColliderBase.h">
      <Filter>Physics\Colliders</Filter>
    </ClInclude>
    <ClInclude Include="DX11\MainWindow.h">
      <Filter>DX11</Filter>
    </ClInclude>
    <ClInclude Include="DX11\DeviceManager.h">
      <Filter>DX11</Filter>
    </ClInclude>
    <ClInclude Include="DX11\Renderer.h">
      <Filter>DX11</Filter>
    </ClInclude>
    <ClInclude Include="Physics\Algorithms\BasicCollisons.h">
      <Filter>Physics\Algorithms</Filter>
    </ClInclude>
    <ClInclude Include="Game\LevelLoader.h">
      <Filter>Game</Filter>
    </ClInclude>
    <ClInclude Include="Game\LightObject.h">
      <Filter>Game</Filter>
    </ClInclude>
    <ClInclude Include="Memory\Handle.h">
      <Filter>Memory</Filter>
    </ClInclude>
    <ClInclude Include="DX11\CameraUtils\Camera.h">
      <Filter>DX11\CameraUtils</Filter>
    </ClInclude>
    <ClInclude Include="MeshDataCPU\VertexBufferCPU\VertexBufferCPU.h">
      <Filter>MeshDataCPU\VertexBufferCPU</Filter>
    </ClInclude>
    <ClInclude Include="MeshDataCPU\NormalBufferCPU\NormalBufferCPU.h">
      <Filter>MeshDataCPU\NormalBufferCPU</Filter>
    </ClInclude>
    <ClInclude Include="MeshDataCPU\TextureCoordBufferCPU\TextureCoordBufferCPU.h">
      <Filter>MeshDataCPU\TextureCoordBufferCPU</Filter>
    </ClInclude>
    <ClInclude Include="MeshDataCPU\MeshCPU.h">
      <Filter>MeshDataCPU</Filter>
    </ClInclude>
    <ClInclude Include="MeshDataCPU\MaterialBufferCPU\MaterialBufferCPU.h">
      <Filter>MeshDataCPU\MaterialBufferCPU</Filter>
    </ClInclude>
    <ClInclude Include="MeshDataCPU\TextureCPU\Texture.h">
      <Filter>MeshDataCPU\TextureCPU</Filter>
    </ClInclude>
    <ClInclude Include="MeshDataCPU\IndexBufferCPU\IndexBufferCPU.h">
      <Filter>MeshDataCPU\IndexBufferCPU</Filter>
    </ClInclude>
    <ClInclude Include="Utils\DDS_Loader.h">
      <Filter>Utils</Filter>
    </ClInclude>
    <ClInclude Include="DX11\ShaderIDEnum.h" />
    <ClInclude Include="Utils\DDS.h">
      <Filter>Utils</Filter>
    </ClInclude>
    <ClInclude Include="Utils\LArray.h">
      <Filter>Utils</Filter>
    </ClInclude>
    <ClInclude Include="DX11\Effects\Effect.h">
      <Filter>DX11\Effects</Filter>
    </ClInclude>
    <ClInclude Include="DX11\Effects\EffectManager.h">
      <Filter>DX11\Effects</Filter>
    </ClInclude>
  </ItemGroup>
  <ItemGroup>
    <ClCompile Include="MainFunctions\Main.cpp">
      <Filter>MainFunctions</Filter>
    </ClCompile>
    <ClCompile Include="LazyLogger\Logger.cpp">
      <Filter>LazyLogger</Filter>
    </ClCompile>
    <ClCompile Include="Memory\StackAllocator.cpp">
      <Filter>Memory</Filter>
    </ClCompile>
    <ClCompile Include="Memory\MemoryManager.cpp">
      <Filter>Memory</Filter>
    </ClCompile>
    <ClCompile Include="LazyLogger\LogManager.cpp">
      <Filter>LazyLogger</Filter>
    </ClCompile>
    <ClCompile Include="Memory\AllignedAllocator.cpp">
      <Filter>Memory</Filter>
    </ClCompile>
    <ClCompile Include="LazyFiling\FileHandler.cpp">
      <Filter>LazyFiling</Filter>
    </ClCompile>
    <ClCompile Include="MainFunctions\Win32Main.cpp">
      <Filter>MainFunctions</Filter>
    </ClCompile>
    <ClCompile Include="Physics\PhysicsManager.cpp">
      <Filter>Physics</Filter>
    </ClCompile>
    <ClCompile Include="Physics\Physics.cpp">
      <Filter>Physics</Filter>
    </ClCompile>
    <ClCompile Include="DX11\MainWindow.cpp">
      <Filter>DX11</Filter>
    </ClCompile>
    <ClCompile Include="DX11\DeviceManager.cpp">
      <Filter>DX11</Filter>
    </ClCompile>
    <ClCompile Include="DX11\Renderer.cpp">
      <Filter>DX11</Filter>
    </ClCompile>
    <ClCompile Include="Game\LevelLoader.cpp">
      <Filter>Game</Filter>
    </ClCompile>
    <ClCompile Include="Physics\PrimitiveShapes\Point.cpp">
      <Filter>Physics\PrimitiveShapes</Filter>
    </ClCompile>
    <ClCompile Include="Physics\PrimitiveShapes\Plane.cpp">
      <Filter>Physics\PrimitiveShapes</Filter>
    </ClCompile>
    <ClCompile Include="Physics\Colliders\ColliderBase.cpp">
      <Filter>Physics\Colliders</Filter>
    </ClCompile>
    <ClCompile Include="Physics\Algorithms\BasicCollisions.cpp">
      <Filter>Physics\Algorithms</Filter>
    </ClCompile>
    <ClCompile Include="DX11\CameraUtils\Camera.cpp">
      <Filter>DX11\CameraUtils</Filter>
    </ClCompile>
    <ClCompile Include="MeshDataCPU\VertexBufferCPU\VertexBufferCPU.cpp">
      <Filter>MeshDataCPU\VertexBufferCPU</Filter>
    </ClCompile>
    <ClCompile Include="MeshDataCPU\NormalBufferCPU\NormalBufferCPU.cpp">
      <Filter>MeshDataCPU\NormalBufferCPU</Filter>
    </ClCompile>
    <ClCompile Include="MeshDataCPU\TextureCoordBufferCPU\TextureCoordBufferCPU.cpp">
      <Filter>MeshDataCPU\TextureCoordBufferCPU</Filter>
    </ClCompile>
    <ClCompile Include="MeshDataCPU\MaterialBufferCPU\MaterialBufferCPU.cpp">
      <Filter>MeshDataCPU\MaterialBufferCPU</Filter>
    </ClCompile>
    <ClCompile Include="MeshDataCPU\MeshCPU.cpp">
      <Filter>MeshDataCPU</Filter>
    </ClCompile>
    <ClCompile Include="MeshDataCPU\IndexBufferCPU\IndexBufferCPU.cpp">
      <Filter>MeshDataCPU\IndexBufferCPU</Filter>
    </ClCompile>
    <ClCompile Include="MeshDataCPU\TextureCPU\Texture.cpp">
      <Filter>MeshDataCPU\TextureCPU</Filter>
    </ClCompile>
    <ClCompile Include="Utils\DDS_Loader.cpp">
      <Filter>Utils</Filter>
    </ClCompile>
    <ClCompile Include="Utils\LArray.cpp">
      <Filter>Utils</Filter>
    </ClCompile>
    <ClCompile Include="DX11\Effects\Effect.cpp">
      <Filter>DX11\Effects</Filter>
    </ClCompile>
    <ClCompile Include="DX11\Effects\EffectManager.cpp">
      <Filter>DX11\Effects</Filter>
    </ClCompile>
  </ItemGroup>
  <ItemGroup>
    <None Include="packages.config" />
  </ItemGroup>
</Project>